
Microsoft Visual Studio Solution File, Format Version 12.00
# Visual Studio Version 16
VisualStudioVersion = 16.0.30907.101
MinimumVisualStudioVersion = 10.0.40219.1
Project("{9A19103F-16F7-4668-BE54-9A1E7A4F7556}") = "HW1", "HW1\HW1.csproj", "{774F1D90-A221-41EA-8324-61DE8E38922F}"
EndProject
Project("{2150E333-8FDC-42A3-9474-1A3956D46DE8}") = "HomeWork1", "HomeWork1", "{1B9B18FA-D049-4B38-93E3-1646B5B35488}"
EndProject
Project("{2150E333-8FDC-42A3-9474-1A3956D46DE8}") = "HomeWork2", "HomeWork2", "{EDAF7058-5219-416B-AE8B-4EFADC00D135}"
EndProject
Project("{9A19103F-16F7-4668-BE54-9A1E7A4F7556}") = "CustomMiddleWare", "HW2_0\CustomMiddleWare.csproj", "{E4B4C532-0BF5-4560-8CD3-A007392CC138}"
EndProject
Project("{2150E333-8FDC-42A3-9474-1A3956D46DE8}") = "HomeWork3", "HomeWork3", "{32542F4D-3C6E-4871-B130-49D4D96DA0BA}"
EndProject
Project("{2150E333-8FDC-42A3-9474-1A3956D46DE8}") = "HomeWork4", "HomeWork4", "{D5942944-DAF8-4B05-BDF2-E2B508DA1C88}"
EndProject
Project("{2150E333-8FDC-42A3-9474-1A3956D46DE8}") = "HomeWork5", "HomeWork5", "{A794238A-E1B3-4666-99EC-1C05F5384002}"
EndProject
Project("{2150E333-8FDC-42A3-9474-1A3956D46DE8}") = "HomeWork6", "HomeWork6", "{6923D6F5-5A95-40A6-AD3A-B7E2435EA3ED}"
EndProject
Project("{2150E333-8FDC-42A3-9474-1A3956D46DE8}") = "HomeWork7", "HomeWork7", "{39385EB8-6F6A-413C-BA7E-4873AB91C8D3}"
EndProject
Project("{2150E333-8FDC-42A3-9474-1A3956D46DE8}") = "HomeWork8", "HomeWork8", "{B3A3EFBB-11E7-420F-AB3E-069816B701DC}"
EndProject
Project("{2150E333-8FDC-42A3-9474-1A3956D46DE8}") = "HomeWork9", "HomeWork9", "{80D09AB9-5899-4217-B355-719F68FAF3AE}"
EndProject
Project("{9A19103F-16F7-4668-BE54-9A1E7A4F7556}") = "HW3", "HW3\HW3.csproj", "{2011F26F-41F2-4E3B-863A-D87FEA3784F0}"
EndProject
Project("{9A19103F-16F7-4668-BE54-9A1E7A4F7556}") = "HW4", "HW4\HW4.csproj", "{7877451C-0468-4CF4-A606-1E9E973EC56C}"
EndProject
Project("{9A19103F-16F7-4668-BE54-9A1E7A4F7556}") = "HW5", "HW5\HW5.csproj", "{A710930B-47CC-4695-B951-6BFC431DF684}"
EndProject
Project("{9A19103F-16F7-4668-BE54-9A1E7A4F7556}") = "HW6", "HW6\HW6.csproj", "{B7C0EFBE-608B-4835-B822-77E6394C5482}"
EndProject
Project("{9A19103F-16F7-4668-BE54-9A1E7A4F7556}") = "HW8", "HW8\HW8.csproj", "{5859AD77-B773-459B-B684-0104DCEBB971}"
EndProject
Project("{9A19103F-16F7-4668-BE54-9A1E7A4F7556}") = "HW9", "HW9\HW9.csproj", "{E1E1D195-D9E6-402A-8D96-C5FBF336E7AE}"
EndProject
Project("{9A19103F-16F7-4668-BE54-9A1E7A4F7556}") = "HW7", "HW7\HW7.csproj", "{1F3C9C92-D865-4F44-A738-181CCE49CFA7}"
EndProject
Project("{9A19103F-16F7-4668-BE54-9A1E7A4F7556}") = "HW7_1", "HW7_1\HW7_1.csproj", "{E9D349DE-C0CF-494A-8FC5-32DE9FF468DD}"
EndProject
Project("{FAE04EC0-301F-11D3-BF4B-00C04F79EFBC}") = "HW5_Core", "HW5_Core\HW5_Core.csproj", "{CAA84269-ABAC-470F-AA30-0AD839B33DC5}"
EndProject
Project("{FAE04EC0-301F-11D3-BF4B-00C04F79EFBC}") = "HW5_Data", "HW5_Data\HW5_Data.csproj", "{C8538EC4-880D-4F81-A132-7C2E0B53E9CE}"
EndProject
Project("{FAE04EC0-301F-11D3-BF4B-00C04F79EFBC}") = "HW5_Services", "HW5_Services\HW5_Services.csproj", "{F5395F1A-F6DF-4A4A-8FB5-74680917A912}"
EndProject
Global
	GlobalSection(SolutionConfigurationPlatforms) = preSolution
		Debug|Any CPU = Debug|Any CPU
		Release|Any CPU = Release|Any CPU
	EndGlobalSection
	GlobalSection(ProjectConfigurationPlatforms) = postSolution
		{774F1D90-A221-41EA-8324-61DE8E38922F}.Debug|Any CPU.ActiveCfg = Debug|Any CPU
		{774F1D90-A221-41EA-8324-61DE8E38922F}.Debug|Any CPU.Build.0 = Debug|Any CPU
		{774F1D90-A221-41EA-8324-61DE8E38922F}.Release|Any CPU.ActiveCfg = Release|Any CPU
		{774F1D90-A221-41EA-8324-61DE8E38922F}.Release|Any CPU.Build.0 = Release|Any CPU
		{E4B4C532-0BF5-4560-8CD3-A007392CC138}.Debug|Any CPU.ActiveCfg = Debug|Any CPU
		{E4B4C532-0BF5-4560-8CD3-A007392CC138}.Debug|Any CPU.Build.0 = Debug|Any CPU
		{E4B4C532-0BF5-4560-8CD3-A007392CC138}.Release|Any CPU.ActiveCfg = Release|Any CPU
		{E4B4C532-0BF5-4560-8CD3-A007392CC138}.Release|Any CPU.Build.0 = Release|Any CPU
		{2011F26F-41F2-4E3B-863A-D87FEA3784F0}.Debug|Any CPU.ActiveCfg = Debug|Any CPU
		{2011F26F-41F2-4E3B-863A-D87FEA3784F0}.Debug|Any CPU.Build.0 = Debug|Any CPU
		{2011F26F-41F2-4E3B-863A-D87FEA3784F0}.Release|Any CPU.ActiveCfg = Release|Any CPU
		{2011F26F-41F2-4E3B-863A-D87FEA3784F0}.Release|Any CPU.Build.0 = Release|Any CPU
		{7877451C-0468-4CF4-A606-1E9E973EC56C}.Debug|Any CPU.ActiveCfg = Debug|Any CPU
		{7877451C-0468-4CF4-A606-1E9E973EC56C}.Debug|Any CPU.Build.0 = Debug|Any CPU
		{7877451C-0468-4CF4-A606-1E9E973EC56C}.Release|Any CPU.ActiveCfg = Release|Any CPU
		{7877451C-0468-4CF4-A606-1E9E973EC56C}.Release|Any CPU.Build.0 = Release|Any CPU
		{A710930B-47CC-4695-B951-6BFC431DF684}.Debug|Any CPU.ActiveCfg = Debug|Any CPU
		{A710930B-47CC-4695-B951-6BFC431DF684}.Debug|Any CPU.Build.0 = Debug|Any CPU
		{A710930B-47CC-4695-B951-6BFC431DF684}.Release|Any CPU.ActiveCfg = Release|Any CPU
		{A710930B-47CC-4695-B951-6BFC431DF684}.Release|Any CPU.Build.0 = Release|Any CPU
		{B7C0EFBE-608B-4835-B822-77E6394C5482}.Debug|Any CPU.ActiveCfg = Debug|Any CPU
		{B7C0EFBE-608B-4835-B822-77E6394C5482}.Debug|Any CPU.Build.0 = Debug|Any CPU
		{B7C0EFBE-608B-4835-B822-77E6394C5482}.Release|Any CPU.ActiveCfg = Release|Any CPU
		{B7C0EFBE-608B-4835-B822-77E6394C5482}.Release|Any CPU.Build.0 = Release|Any CPU
		{5859AD77-B773-459B-B684-0104DCEBB971}.Debug|Any CPU.ActiveCfg = Debug|Any CPU
		{5859AD77-B773-459B-B684-0104DCEBB971}.Debug|Any CPU.Build.0 = Debug|Any CPU
		{5859AD77-B773-459B-B684-0104DCEBB971}.Release|Any CPU.ActiveCfg = Release|Any CPU
		{5859AD77-B773-459B-B684-0104DCEBB971}.Release|Any CPU.Build.0 = Release|Any CPU
		{E1E1D195-D9E6-402A-8D96-C5FBF336E7AE}.Debug|Any CPU.ActiveCfg = Debug|Any CPU
		{E1E1D195-D9E6-402A-8D96-C5FBF336E7AE}.Debug|Any CPU.Build.0 = Debug|Any CPU
		{E1E1D195-D9E6-402A-8D96-C5FBF336E7AE}.Release|Any CPU.ActiveCfg = Release|Any CPU
		{E1E1D195-D9E6-402A-8D96-C5FBF336E7AE}.Release|Any CPU.Build.0 = Release|Any CPU
		{1F3C9C92-D865-4F44-A738-181CCE49CFA7}.Debug|Any CPU.ActiveCfg = Debug|Any CPU
		{1F3C9C92-D865-4F44-A738-181CCE49CFA7}.Debug|Any CPU.Build.0 = Debug|Any CPU
		{1F3C9C92-D865-4F44-A738-181CCE49CFA7}.Release|Any CPU.ActiveCfg = Release|Any CPU
		{1F3C9C92-D865-4F44-A738-181CCE49CFA7}.Release|Any CPU.Build.0 = Release|Any CPU
		{E9D349DE-C0CF-494A-8FC5-32DE9FF468DD}.Debug|Any CPU.ActiveCfg = Debug|Any CPU
		{E9D349DE-C0CF-494A-8FC5-32DE9FF468DD}.Debug|Any CPU.Build.0 = Debug|Any CPU
		{E9D349DE-C0CF-494A-8FC5-32DE9FF468DD}.Release|Any CPU.ActiveCfg = Release|Any CPU
		{E9D349DE-C0CF-494A-8FC5-32DE9FF468DD}.Release|Any CPU.Build.0 = Release|Any CPU
		{CAA84269-ABAC-470F-AA30-0AD839B33DC5}.Debug|Any CPU.ActiveCfg = Debug|Any CPU
		{CAA84269-ABAC-470F-AA30-0AD839B33DC5}.Debug|Any CPU.Build.0 = Debug|Any CPU
		{CAA84269-ABAC-470F-AA30-0AD839B33DC5}.Release|Any CPU.ActiveCfg = Release|Any CPU
		{CAA84269-ABAC-470F-AA30-0AD839B33DC5}.Release|Any CPU.Build.0 = Release|Any CPU
		{C8538EC4-880D-4F81-A132-7C2E0B53E9CE}.Debug|Any CPU.ActiveCfg = Debug|Any CPU
		{C8538EC4-880D-4F81-A132-7C2E0B53E9CE}.Debug|Any CPU.Build.0 = Debug|Any CPU
		{C8538EC4-880D-4F81-A132-7C2E0B53E9CE}.Release|Any CPU.ActiveCfg = Release|Any CPU
		{C8538EC4-880D-4F81-A132-7C2E0B53E9CE}.Release|Any CPU.Build.0 = Release|Any CPU
		{F5395F1A-F6DF-4A4A-8FB5-74680917A912}.Debug|Any CPU.ActiveCfg = Debug|Any CPU
		{F5395F1A-F6DF-4A4A-8FB5-74680917A912}.Debug|Any CPU.Build.0 = Debug|Any CPU
		{F5395F1A-F6DF-4A4A-8FB5-74680917A912}.Release|Any CPU.ActiveCfg = Release|Any CPU
		{F5395F1A-F6DF-4A4A-8FB5-74680917A912}.Release|Any CPU.Build.0 = Release|Any CPU
	EndGlobalSection
	GlobalSection(SolutionProperties) = preSolution
		HideSolutionNode = FALSE
	EndGlobalSection
	GlobalSection(NestedProjects) = preSolution
		{774F1D90-A221-41EA-8324-61DE8E38922F} = {1B9B18FA-D049-4B38-93E3-1646B5B35488}
		{E4B4C532-0BF5-4560-8CD3-A007392CC138} = {EDAF7058-5219-416B-AE8B-4EFADC00D135}
		{2011F26F-41F2-4E3B-863A-D87FEA3784F0} = {32542F4D-3C6E-4871-B130-49D4D96DA0BA}
		{7877451C-0468-4CF4-A606-1E9E973EC56C} = {D5942944-DAF8-4B05-BDF2-E2B508DA1C88}
		{A710930B-47CC-4695-B951-6BFC431DF684} = {A794238A-E1B3-4666-99EC-1C05F5384002}
		{B7C0EFBE-608B-4835-B822-77E6394C5482} = {6923D6F5-5A95-40A6-AD3A-B7E2435EA3ED}
		{5859AD77-B773-459B-B684-0104DCEBB971} = {B3A3EFBB-11E7-420F-AB3E-069816B701DC}
		{E1E1D195-D9E6-402A-8D96-C5FBF336E7AE} = {80D09AB9-5899-4217-B355-719F68FAF3AE}
		{1F3C9C92-D865-4F44-A738-181CCE49CFA7} = {39385EB8-6F6A-413C-BA7E-4873AB91C8D3}
		{E9D349DE-C0CF-494A-8FC5-32DE9FF468DD} = {39385EB8-6F6A-413C-BA7E-4873AB91C8D3}
		{CAA84269-ABAC-470F-AA30-0AD839B33DC5} = {A794238A-E1B3-4666-99EC-1C05F5384002}
		{C8538EC4-880D-4F81-A132-7C2E0B53E9CE} = {A794238A-E1B3-4666-99EC-1C05F5384002}
		{F5395F1A-F6DF-4A4A-8FB5-74680917A912} = {A794238A-E1B3-4666-99EC-1C05F5384002}
	EndGlobalSection
	GlobalSection(ExtensibilityGlobals) = postSolution
		SolutionGuid = {9B50FA1C-979F-476B-AEAC-9F5765A40C9E}
	EndGlobalSection
EndGlobal
